
Microsoft Visual Studio Solution File, Format Version 12.00
# Visual Studio Version 17
VisualStudioVersion = 17.14.36212.18
MinimumVisualStudioVersion = 10.0.40219.1
Project("{FAE04EC0-301F-11D3-BF4B-00C04F79EFBC}") = "Portfolio.Server", "Portfolio\Server\Portfolio.Server.csproj", "{516DDC78-B792-4588-8043-02FE84A4779D}"
EndProject
Project("{FAE04EC0-301F-11D3-BF4B-00C04F79EFBC}") = "Portfolio.Client", "Portfolio\Client\Portfolio.Client.csproj", "{B60D6AD2-B7C3-4BCB-8049-3FF5A0A7355B}"
EndProject
Project("{FAE04EC0-301F-11D3-BF4B-00C04F79EFBC}") = "Portfolio.Shared", "Portfolio\Shared\Portfolio.Shared.csproj", "{2D9E84B4-0714-48D8-975A-00210B3F0BFB}"
EndProject
Global
	GlobalSection(SolutionConfigurationPlatforms) = preSolution
		Debug|Any CPU = Debug|Any CPU
		Release|Any CPU = Release|Any CPU
	EndGlobalSection
	GlobalSection(ProjectConfigurationPlatforms) = postSolution
		{516DDC78-B792-4588-8043-02FE84A4779D}.Debug|Any CPU.ActiveCfg = Debug|Any CPU
		{516DDC78-B792-4588-8043-02FE84A4779D}.Debug|Any CPU.Build.0 = Debug|Any CPU
		{516DDC78-B792-4588-8043-02FE84A4779D}.Release|Any CPU.ActiveCfg = Release|Any CPU
		{516DDC78-B792-4588-8043-02FE84A4779D}.Release|Any CPU.Build.0 = Release|Any CPU
		{B60D6AD2-B7C3-4BCB-8049-3FF5A0A7355B}.Debug|Any CPU.ActiveCfg = Debug|Any CPU
		{B60D6AD2-B7C3-4BCB-8049-3FF5A0A7355B}.Debug|Any CPU.Build.0 = Debug|Any CPU
		{B60D6AD2-B7C3-4BCB-8049-3FF5A0A7355B}.Release|Any CPU.ActiveCfg = Release|Any CPU
		{B60D6AD2-B7C3-4BCB-8049-3FF5A0A7355B}.Release|Any CPU.Build.0 = Release|Any CPU
		{2D9E84B4-0714-48D8-975A-00210B3F0BFB}.Debug|Any CPU.ActiveCfg = Debug|Any CPU
		{2D9E84B4-0714-48D8-975A-00210B3F0BFB}.Debug|Any CPU.Build.0 = Debug|Any CPU
		{2D9E84B4-0714-48D8-975A-00210B3F0BFB}.Release|Any CPU.ActiveCfg = Release|Any CPU
		{2D9E84B4-0714-48D8-975A-00210B3F0BFB}.Release|Any CPU.Build.0 = Release|Any CPU
	EndGlobalSection
	GlobalSection(SolutionProperties) = preSolution
		HideSolutionNode = FALSE
	EndGlobalSection
	GlobalSection(ExtensibilityGlobals) = postSolution
		SolutionGuid = {9DC8D5C5-7404-41B3-ACF0-53EE1E513DE8}
	EndGlobalSection
EndGlobal
